// !$*UTF8*$!
{
	archiveVersion = 1;
	classes = {
	};
	objectVersion = 56;
	objects = {

/* Begin PBXBuildFile section */
		A859407F2B80035F004B5282 /* AlgorithmVisualizationViewModel.swift in Sources */ = {isa = PBXBuildFile; fileRef = A859406C2B80035F004B5282 /* AlgorithmVisualizationViewModel.swift */; };
		A85940802B80035F004B5282 /* AlgorithmVisualizationView.swift in Sources */ = {isa = PBXBuildFile; fileRef = A859406D2B80035F004B5282 /* AlgorithmVisualizationView.swift */; };
		A85940812B80035F004B5282 /* AlgorithmsListView.swift in Sources */ = {isa = PBXBuildFile; fileRef = A859406E2B80035F004B5282 /* AlgorithmsListView.swift */; };
		A85940822B80035F004B5282 /* AlgorithmsListViewModel.swift in Sources */ = {isa = PBXBuildFile; fileRef = A859406F2B80035F004B5282 /* AlgorithmsListViewModel.swift */; };
		A85940832B80035F004B5282 /* Assets.xcassets in Resources */ = {isa = PBXBuildFile; fileRef = A85940702B80035F004B5282 /* Assets.xcassets */; };
		A85940842B80035F004B5282 /* UIApplicationExtensions.swift in Sources */ = {isa = PBXBuildFile; fileRef = A85940722B80035F004B5282 /* UIApplicationExtensions.swift */; };
		A85940852B80035F004B5282 /* Preview Assets.xcassets in Resources */ = {isa = PBXBuildFile; fileRef = A85940742B80035F004B5282 /* Preview Assets.xcassets */; };
		A85940862B80035F004B5282 /* InsertionSort.swift in Sources */ = {isa = PBXBuildFile; fileRef = A85940772B80035F004B5282 /* InsertionSort.swift */; };
		A85940872B80035F004B5282 /* BubbleSort.swift in Sources */ = {isa = PBXBuildFile; fileRef = A85940782B80035F004B5282 /* BubbleSort.swift */; };
		A85940882B80035F004B5282 /* SelectionSort.swift in Sources */ = {isa = PBXBuildFile; fileRef = A85940792B80035F004B5282 /* SelectionSort.swift */; };
		A85940892B80035F004B5282 /* SortingAlgorithm.swift in Sources */ = {isa = PBXBuildFile; fileRef = A859407B2B80035F004B5282 /* SortingAlgorithm.swift */; };
		A859408A2B80035F004B5282 /* ContentView.swift in Sources */ = {isa = PBXBuildFile; fileRef = A859407D2B80035F004B5282 /* ContentView.swift */; };
		A859408B2B80035F004B5282 /* SortVisualizationTestTaskApp.swift in Sources */ = {isa = PBXBuildFile; fileRef = A859407E2B80035F004B5282 /* SortVisualizationTestTaskApp.swift */; };
/* End PBXBuildFile section */

/* Begin PBXFileReference section */
		A859406C2B80035F004B5282 /* AlgorithmVisualizationViewModel.swift */ = {isa = PBXFileReference; fileEncoding = 4; lastKnownFileType = sourcecode.swift; path = AlgorithmVisualizationViewModel.swift; sourceTree = "<group>"; };
		A859406D2B80035F004B5282 /* AlgorithmVisualizationView.swift */ = {isa = PBXFileReference; fileEncoding = 4; lastKnownFileType = sourcecode.swift; path = AlgorithmVisualizationView.swift; sourceTree = "<group>"; };
		A859406E2B80035F004B5282 /* AlgorithmsListView.swift */ = {isa = PBXFileReference; fileEncoding = 4; lastKnownFileType = sourcecode.swift; path = AlgorithmsListView.swift; sourceTree = "<group>"; };
		A859406F2B80035F004B5282 /* AlgorithmsListViewModel.swift */ = {isa = PBXFileReference; fileEncoding = 4; lastKnownFileType = sourcecode.swift; path = AlgorithmsListViewModel.swift; sourceTree = "<group>"; };
		A85940702B80035F004B5282 /* Assets.xcassets */ = {isa = PBXFileReference; lastKnownFileType = folder.assetcatalog; path = Assets.xcassets; sourceTree = "<group>"; };
		A85940722B80035F004B5282 /* UIApplicationExtensions.swift */ = {isa = PBXFileReference; fileEncoding = 4; lastKnownFileType = sourcecode.swift; path = UIApplicationExtensions.swift; sourceTree = "<group>"; };
		A85940742B80035F004B5282 /* Preview Assets.xcassets */ = {isa = PBXFileReference; lastKnownFileType = folder.assetcatalog; path = "Preview Assets.xcassets"; sourceTree = "<group>"; };
		A85940772B80035F004B5282 /* InsertionSort.swift */ = {isa = PBXFileReference; fileEncoding = 4; lastKnownFileType = sourcecode.swift; path = InsertionSort.swift; sourceTree = "<group>"; };
		A85940782B80035F004B5282 /* BubbleSort.swift */ = {isa = PBXFileReference; fileEncoding = 4; lastKnownFileType = sourcecode.swift; path = BubbleSort.swift; sourceTree = "<group>"; };
		A85940792B80035F004B5282 /* SelectionSort.swift */ = {isa = PBXFileReference; fileEncoding = 4; lastKnownFileType = sourcecode.swift; path = SelectionSort.swift; sourceTree = "<group>"; };
		A859407B2B80035F004B5282 /* SortingAlgorithm.swift */ = {isa = PBXFileReference; fileEncoding = 4; lastKnownFileType = sourcecode.swift; path = SortingAlgorithm.swift; sourceTree = "<group>"; };
		A859407D2B80035F004B5282 /* ContentView.swift */ = {isa = PBXFileReference; fileEncoding = 4; lastKnownFileType = sourcecode.swift; path = ContentView.swift; sourceTree = "<group>"; };
		A859407E2B80035F004B5282 /* SortVisualizationTestTaskApp.swift */ = {isa = PBXFileReference; fileEncoding = 4; lastKnownFileType = sourcecode.swift; path = SortVisualizationTestTaskApp.swift; sourceTree = "<group>"; };
		A8C964A72B7266B500161EBF /* SortVisualizationTestTask.app */ = {isa = PBXFileReference; explicitFileType = wrapper.application; includeInIndex = 0; path = SortVisualizationTestTask.app; sourceTree = BUILT_PRODUCTS_DIR; };
/* End PBXFileReference section */

/* Begin PBXFrameworksBuildPhase section */
		A8C964A42B7266B500161EBF /* Frameworks */ = {
			isa = PBXFrameworksBuildPhase;
			buildActionMask = 2147483647;
			files = (
			);
			runOnlyForDeploymentPostprocessing = 0;
		};
/* End PBXFrameworksBuildPhase section */

/* Begin PBXGroup section */
		A85940692B80035F004B5282 /* SortVisualizationTestTask */ = {
			isa = PBXGroup;
			children = (
				A859406A2B80035F004B5282 /* Features */,
				A85940702B80035F004B5282 /* Assets.xcassets */,
				A85940712B80035F004B5282 /* Utils */,
				A85940732B80035F004B5282 /* Preview Content */,
				A85940752B80035F004B5282 /* Model */,
				A859407D2B80035F004B5282 /* ContentView.swift */,
				A859407E2B80035F004B5282 /* SortVisualizationTestTaskApp.swift */,
			);
			path = SortVisualizationTestTask;
			sourceTree = "<group>";
		};
		A859406A2B80035F004B5282 /* Features */ = {
			isa = PBXGroup;
			children = (
				A859406B2B80035F004B5282 /* AlgorithmVisualization */,
			);
			path = Features;
			sourceTree = "<group>";
		};
		A859406B2B80035F004B5282 /* AlgorithmVisualization */ = {
			isa = PBXGroup;
			children = (
				A859406C2B80035F004B5282 /* AlgorithmVisualizationViewModel.swift */,
				A859406D2B80035F004B5282 /* AlgorithmVisualizationView.swift */,
				A859406E2B80035F004B5282 /* AlgorithmsListView.swift */,
				A859406F2B80035F004B5282 /* AlgorithmsListViewModel.swift */,
			);
			path = AlgorithmVisualization;
			sourceTree = "<group>";
		};
		A85940712B80035F004B5282 /* Utils */ = {
			isa = PBXGroup;
			children = (
				A85940722B80035F004B5282 /* UIApplicationExtensions.swift */,
			);
			path = Utils;
			sourceTree = "<group>";
		};
		A85940732B80035F004B5282 /* Preview Content */ = {
			isa = PBXGroup;
			children = (
				A85940742B80035F004B5282 /* Preview Assets.xcassets */,
			);
			path = "Preview Content";
			sourceTree = "<group>";
		};
		A85940752B80035F004B5282 /* Model */ = {
			isa = PBXGroup;
			children = (
				A85940762B80035F004B5282 /* Algorithms */,
			);
			path = Model;
			sourceTree = "<group>";
		};
		A85940762B80035F004B5282 /* Algorithms */ = {
			isa = PBXGroup;
			children = (
				A85940772B80035F004B5282 /* InsertionSort.swift */,
				A85940782B80035F004B5282 /* BubbleSort.swift */,
				A85940792B80035F004B5282 /* SelectionSort.swift */,
				A859407A2B80035F004B5282 /* Base */,
			);
			path = Algorithms;
			sourceTree = "<group>";
		};
		A859407A2B80035F004B5282 /* Base */ = {
			isa = PBXGroup;
			children = (
				A859407B2B80035F004B5282 /* SortingAlgorithm.swift */,
			);
			path = Base;
			sourceTree = "<group>";
		};
		A8C9649E2B7266B500161EBF = {
			isa = PBXGroup;
			children = (
				A85940692B80035F004B5282 /* SortVisualizationTestTask */,
				A8C964A82B7266B500161EBF /* Products */,
			);
			sourceTree = "<group>";
		};
		A8C964A82B7266B500161EBF /* Products */ = {
			isa = PBXGroup;
			children = (
				A8C964A72B7266B500161EBF /* SortVisualizationTestTask.app */,
			);
			name = Products;
			sourceTree = "<group>";
		};
/* End PBXGroup section */

/* Begin PBXNativeTarget section */
		A8C964A62B7266B500161EBF /* SortVisualizationTestTask */ = {
			isa = PBXNativeTarget;
			buildConfigurationList = A8C964B52B7266BD00161EBF /* Build configuration list for PBXNativeTarget "SortVisualizationTestTask" */;
			buildPhases = (
				A8C964A32B7266B500161EBF /* Sources */,
				A8C964A42B7266B500161EBF /* Frameworks */,
				A8C964A52B7266B500161EBF /* Resources */,
			);
			buildRules = (
			);
			dependencies = (
			);
			name = SortVisualizationTestTask;
			productName = ReaddleSortVisualization;
			productReference = A8C964A72B7266B500161EBF /* SortVisualizationTestTask.app */;
			productType = "com.apple.product-type.application";
		};
/* End PBXNativeTarget section */

/* Begin PBXProject section */
		A8C9649F2B7266B500161EBF /* Project object */ = {
			isa = PBXProject;
			attributes = {
				BuildIndependentTargetsInParallel = 1;
				LastSwiftUpdateCheck = 1500;
				LastUpgradeCheck = 1500;
				TargetAttributes = {
					A8C964A62B7266B500161EBF = {
						CreatedOnToolsVersion = 15.0.1;
					};
				};
			};
			buildConfigurationList = A8C964A22B7266B500161EBF /* Build configuration list for PBXProject "SortVisualizationTestTask" */;
			compatibilityVersion = "Xcode 14.0";
			developmentRegion = en;
			hasScannedForEncodings = 0;
			knownRegions = (
				en,
				Base,
			);
			mainGroup = A8C9649E2B7266B500161EBF;
			productRefGroup = A8C964A82B7266B500161EBF /* Products */;
			projectDirPath = "";
			projectRoot = "";
			targets = (
				A8C964A62B7266B500161EBF /* SortVisualizationTestTask */,
			);
		};
/* End PBXProject section */

/* Begin PBXResourcesBuildPhase section */
		A8C964A52B7266B500161EBF /* Resources */ = {
			isa = PBXResourcesBuildPhase;
			buildActionMask = 2147483647;
			files = (
				A85940852B80035F004B5282 /* Preview Assets.xcassets in Resources */,
				A85940832B80035F004B5282 /* Assets.xcassets in Resources */,
			);
			runOnlyForDeploymentPostprocessing = 0;
		};
/* End PBXResourcesBuildPhase section */

/* Begin PBXSourcesBuildPhase section */
		A8C964A32B7266B500161EBF /* Sources */ = {
			isa = PBXSourcesBuildPhase;
			buildActionMask = 2147483647;
			files = (
				A85940802B80035F004B5282 /* AlgorithmVisualizationView.swift in Sources */,
				A85940842B80035F004B5282 /* UIApplicationExtensions.swift in Sources */,
				A859408B2B80035F004B5282 /* SortVisualizationTestTaskApp.swift in Sources */,
				A85940892B80035F004B5282 /* SortingAlgorithm.swift in Sources */,
				A85940812B80035F004B5282 /* AlgorithmsListView.swift in Sources */,
				A85940862B80035F004B5282 /* InsertionSort.swift in Sources */,
				A85940882B80035F004B5282 /* SelectionSort.swift in Sources */,
				A859408A2B80035F004B5282 /* ContentView.swift in Sources */,
				A85940822B80035F004B5282 /* AlgorithmsListViewModel.swift in Sources */,
				A85940872B80035F004B5282 /* BubbleSort.swift in Sources */,
				A859407F2B80035F004B5282 /* AlgorithmVisualizationViewModel.swift in Sources */,
			);
			runOnlyForDeploymentPostprocessing = 0;
		};
/* End PBXSourcesBuildPhase section */

/* Begin XCBuildConfiguration section */
		A8C964B32B7266BD00161EBF /* Debug */ = {
			isa = XCBuildConfiguration;
			buildSettings = {
				ALWAYS_SEARCH_USER_PATHS = NO;
				ASSETCATALOG_COMPILER_GENERATE_SWIFT_ASSET_SYMBOL_EXTENSIONS = YES;
				CLANG_ANALYZER_NONNULL = YES;
				CLANG_ANALYZER_NUMBER_OBJECT_CONVERSION = YES_AGGRESSIVE;
				CLANG_CXX_LANGUAGE_STANDARD = "gnu++20";
				CLANG_ENABLE_MODULES = YES;
				CLANG_ENABLE_OBJC_ARC = YES;
				CLANG_ENABLE_OBJC_WEAK = YES;
				CLANG_WARN_BLOCK_CAPTURE_AUTORELEASING = YES;
				CLANG_WARN_BOOL_CONVERSION = YES;
				CLANG_WARN_COMMA = YES;
				CLANG_WARN_CONSTANT_CONVERSION = YES;
				CLANG_WARN_DEPRECATED_OBJC_IMPLEMENTATIONS = YES;
				CLANG_WARN_DIRECT_OBJC_ISA_USAGE = YES_ERROR;
				CLANG_WARN_DOCUMENTATION_COMMENTS = YES;
				CLANG_WARN_EMPTY_BODY = YES;
				CLANG_WARN_ENUM_CONVERSION = YES;
				CLANG_WARN_INFINITE_RECURSION = YES;
				CLANG_WARN_INT_CONVERSION = YES;
				CLANG_WARN_NON_LITERAL_NULL_CONVERSION = YES;
				CLANG_WARN_OBJC_IMPLICIT_RETAIN_SELF = YES;
				CLANG_WARN_OBJC_LITERAL_CONVERSION = YES;
				CLANG_WARN_OBJC_ROOT_CLASS = YES_ERROR;
				CLANG_WARN_QUOTED_INCLUDE_IN_FRAMEWORK_HEADER = YES;
				CLANG_WARN_RANGE_LOOP_ANALYSIS = YES;
				CLANG_WARN_STRICT_PROTOTYPES = YES;
				CLANG_WARN_SUSPICIOUS_MOVE = YES;
				CLANG_WARN_UNGUARDED_AVAILABILITY = YES_AGGRESSIVE;
				CLANG_WARN_UNREACHABLE_CODE = YES;
				CLANG_WARN__DUPLICATE_METHOD_MATCH = YES;
				COPY_PHASE_STRIP = NO;
				DEBUG_INFORMATION_FORMAT = dwarf;
				ENABLE_STRICT_OBJC_MSGSEND = YES;
				ENABLE_TESTABILITY = YES;
				ENABLE_USER_SCRIPT_SANDBOXING = YES;
				GCC_C_LANGUAGE_STANDARD = gnu17;
				GCC_DYNAMIC_NO_PIC = NO;
				GCC_NO_COMMON_BLOCKS = YES;
				GCC_OPTIMIZATION_LEVEL = 0;
				GCC_PREPROCESSOR_DEFINITIONS = (
					"DEBUG=1",
					"$(inherited)",
				);
				GCC_WARN_64_TO_32_BIT_CONVERSION = YES;
				GCC_WARN_ABOUT_RETURN_TYPE = YES_ERROR;
				GCC_WARN_UNDECLARED_SELECTOR = YES;
				GCC_WARN_UNINITIALIZED_AUTOS = YES_AGGRESSIVE;
				GCC_WARN_UNUSED_FUNCTION = YES;
				GCC_WARN_UNUSED_VARIABLE = YES;
				IPHONEOS_DEPLOYMENT_TARGET = 17.0;
				LOCALIZATION_PREFERS_STRING_CATALOGS = YES;
				MTL_ENABLE_DEBUG_INFO = INCLUDE_SOURCE;
				MTL_FAST_MATH = YES;
				ONLY_ACTIVE_ARCH = YES;
				SDKROOT = iphoneos;
				SWIFT_ACTIVE_COMPILATION_CONDITIONS = "DEBUG $(inherited)";
				SWIFT_OPTIMIZATION_LEVEL = "-Onone";
			};
			name = Debug;
		};
		A8C964B42B7266BD00161EBF /* Release */ = {
			isa = XCBuildConfiguration;
			buildSettings = {
				ALWAYS_SEARCH_USER_PATHS = NO;
				ASSETCATALOG_COMPILER_GENERATE_SWIFT_ASSET_SYMBOL_EXTENSIONS = YES;
				CLANG_ANALYZER_NONNULL = YES;
				CLANG_ANALYZER_NUMBER_OBJECT_CONVERSION = YES_AGGRESSIVE;
				CLANG_CXX_LANGUAGE_STANDARD = "gnu++20";
				CLANG_ENABLE_MODULES = YES;
				CLANG_ENABLE_OBJC_ARC = YES;
				CLANG_ENABLE_OBJC_WEAK = YES;
				CLANG_WARN_BLOCK_CAPTURE_AUTORELEASING = YES;
				CLANG_WARN_BOOL_CONVERSION = YES;
				CLANG_WARN_COMMA = YES;
				CLANG_WARN_CONSTANT_CONVERSION = YES;
				CLANG_WARN_DEPRECATED_OBJC_IMPLEMENTATIONS = YES;
				CLANG_WARN_DIRECT_OBJC_ISA_USAGE = YES_ERROR;
				CLANG_WARN_DOCUMENTATION_COMMENTS = YES;
				CLANG_WARN_EMPTY_BODY = YES;
				CLANG_WARN_ENUM_CONVERSION = YES;
				CLANG_WARN_INFINITE_RECURSION = YES;
				CLANG_WARN_INT_CONVERSION = YES;
				CLANG_WARN_NON_LITERAL_NULL_CONVERSION = YES;
				CLANG_WARN_OBJC_IMPLICIT_RETAIN_SELF = YES;
				CLANG_WARN_OBJC_LITERAL_CONVERSION = YES;
				CLANG_WARN_OBJC_ROOT_CLASS = YES_ERROR;
				CLANG_WARN_QUOTED_INCLUDE_IN_FRAMEWORK_HEADER = YES;
				CLANG_WARN_RANGE_LOOP_ANALYSIS = YES;
				CLANG_WARN_STRICT_PROTOTYPES = YES;
				CLANG_WARN_SUSPICIOUS_MOVE = YES;
				CLANG_WARN_UNGUARDED_AVAILABILITY = YES_AGGRESSIVE;
				CLANG_WARN_UNREACHABLE_CODE = YES;
				CLANG_WARN__DUPLICATE_METHOD_MATCH = YES;
				COPY_PHASE_STRIP = NO;
				DEBUG_INFORMATION_FORMAT = "dwarf-with-dsym";
				ENABLE_NS_ASSERTIONS = NO;
				ENABLE_STRICT_OBJC_MSGSEND = YES;
				ENABLE_USER_SCRIPT_SANDBOXING = YES;
				GCC_C_LANGUAGE_STANDARD = gnu17;
				GCC_NO_COMMON_BLOCKS = YES;
				GCC_WARN_64_TO_32_BIT_CONVERSION = YES;
				GCC_WARN_ABOUT_RETURN_TYPE = YES_ERROR;
				GCC_WARN_UNDECLARED_SELECTOR = YES;
				GCC_WARN_UNINITIALIZED_AUTOS = YES_AGGRESSIVE;
				GCC_WARN_UNUSED_FUNCTION = YES;
				GCC_WARN_UNUSED_VARIABLE = YES;
				IPHONEOS_DEPLOYMENT_TARGET = 17.0;
				LOCALIZATION_PREFERS_STRING_CATALOGS = YES;
				MTL_ENABLE_DEBUG_INFO = NO;
				MTL_FAST_MATH = YES;
				SDKROOT = iphoneos;
				SWIFT_COMPILATION_MODE = wholemodule;
				VALIDATE_PRODUCT = YES;
			};
			name = Release;
		};
		A8C964B62B7266BD00161EBF /* Debug */ = {
			isa = XCBuildConfiguration;
			buildSettings = {
				ASSETCATALOG_COMPILER_APPICON_NAME = AppIcon;
				ASSETCATALOG_COMPILER_GLOBAL_ACCENT_COLOR_NAME = AccentColor;
				CODE_SIGN_STYLE = Automatic;
				CURRENT_PROJECT_VERSION = 1;
				DEVELOPMENT_ASSET_PATHS = "\"SortVisualizationTestTask/Preview Content\"";
				DEVELOPMENT_TEAM = SH4EQNN223;
				ENABLE_PREVIEWS = YES;
				GENERATE_INFOPLIST_FILE = YES;
				INFOPLIST_KEY_UIApplicationSceneManifest_Generation = YES;
				INFOPLIST_KEY_UIApplicationSupportsIndirectInputEvents = YES;
				INFOPLIST_KEY_UILaunchScreen_Generation = YES;
				INFOPLIST_KEY_UISupportedInterfaceOrientations_iPad = "UIInterfaceOrientationPortrait UIInterfaceOrientationPortraitUpsideDown UIInterfaceOrientationLandscapeLeft UIInterfaceOrientationLandscapeRight";
				INFOPLIST_KEY_UISupportedInterfaceOrientations_iPhone = "UIInterfaceOrientationPortrait UIInterfaceOrientationLandscapeLeft UIInterfaceOrientationLandscapeRight";
				LD_RUNPATH_SEARCH_PATHS = (
					"$(inherited)",
					"@executable_path/Frameworks",
				);
				MARKETING_VERSION = 1.0;
				PRODUCT_BUNDLE_IDENTIFIER = yb.SortVisualizationTestTask;
				PRODUCT_NAME = "$(TARGET_NAME)";
				SWIFT_EMIT_LOC_STRINGS = YES;
				SWIFT_VERSION = 5.0;
				TARGETED_DEVICE_FAMILY = "1,2";
			};
			name = Debug;
		};
		A8C964B72B7266BD00161EBF /* Release */ = {
			isa = XCBuildConfiguration;
			buildSettings = {
				ASSETCATALOG_COMPILER_APPICON_NAME = AppIcon;
				ASSETCATALOG_COMPILER_GLOBAL_ACCENT_COLOR_NAME = AccentColor;
				CODE_SIGN_STYLE = Automatic;
				CURRENT_PROJECT_VERSION = 1;
				DEVELOPMENT_ASSET_PATHS = "\"SortVisualizationTestTask/Preview Content\"";
				DEVELOPMENT_TEAM = SH4EQNN223;
				ENABLE_PREVIEWS = YES;
				GENERATE_INFOPLIST_FILE = YES;
				INFOPLIST_KEY_UIApplicationSceneManifest_Generation = YES;
				INFOPLIST_KEY_UIApplicationSupportsIndirectInputEvents = YES;
				INFOPLIST_KEY_UILaunchScreen_Generation = YES;
				INFOPLIST_KEY_UISupportedInterfaceOrientations_iPad = "UIInterfaceOrientationPortrait UIInterfaceOrientationPortraitUpsideDown UIInterfaceOrientationLandscapeLeft UIInterfaceOrientationLandscapeRight";
				INFOPLIST_KEY_UISupportedInterfaceOrientations_iPhone = "UIInterfaceOrientationPortrait UIInterfaceOrientationLandscapeLeft UIInterfaceOrientationLandscapeRight";
				LD_RUNPATH_SEARCH_PATHS = (
					"$(inherited)",
					"@executable_path/Frameworks",
				);
				MARKETING_VERSION = 1.0;
				PRODUCT_BUNDLE_IDENTIFIER = yb.SortVisualizationTestTask;
				PRODUCT_NAME = "$(TARGET_NAME)";
				SWIFT_EMIT_LOC_STRINGS = YES;
				SWIFT_VERSION = 5.0;
				TARGETED_DEVICE_FAMILY = "1,2";
			};
			name = Release;
		};
/* End XCBuildConfiguration section */

/* Begin XCConfigurationList section */
		A8C964A22B7266B500161EBF /* Build configuration list for PBXProject "SortVisualizationTestTask" */ = {
			isa = XCConfigurationList;
			buildConfigurations = (
				A8C964B32B7266BD00161EBF /* Debug */,
				A8C964B42B7266BD00161EBF /* Release */,
			);
			defaultConfigurationIsVisible = 0;
			defaultConfigurationName = Release;
		};
		A8C964B52B7266BD00161EBF /* Build configuration list for PBXNativeTarget "SortVisualizationTestTask" */ = {
			isa = XCConfigurationList;
			buildConfigurations = (
				A8C964B62B7266BD00161EBF /* Debug */,
				A8C964B72B7266BD00161EBF /* Release */,
			);
			defaultConfigurationIsVisible = 0;
			defaultConfigurationName = Release;
		};
/* End XCConfigurationList section */
	};
	rootObject = A8C9649F2B7266B500161EBF /* Project object */;
}
