// !$*UTF8*$!
{
	archiveVersion = 1;
	classes = {
	};
	objectVersion = 56;
	objects = {

/* Begin PBXBuildFile section */
		A8AFF3252B7267D600FF269F /* AlgorithmVisualizationView.swift in Sources */ = {isa = PBXBuildFile; fileRef = A8AFF3242B7267D600FF269F /* AlgorithmVisualizationView.swift */; };
		A8AFF3272B7267E200FF269F /* AlgorithmVisualizationViewModel.swift in Sources */ = {isa = PBXBuildFile; fileRef = A8AFF3262B7267E200FF269F /* AlgorithmVisualizationViewModel.swift */; };
		A8AFF3292B72687100FF269F /* SortingAlgorithm.swift in Sources */ = {isa = PBXBuildFile; fileRef = A8AFF3282B72687100FF269F /* SortingAlgorithm.swift */; };
		A8AFF32B2B72689800FF269F /* BubbleSort.swift in Sources */ = {isa = PBXBuildFile; fileRef = A8AFF32A2B72689800FF269F /* BubbleSort.swift */; };
		A8AFF32E2B7274D100FF269F /* UIApplicationExtensions.swift in Sources */ = {isa = PBXBuildFile; fileRef = A8AFF32D2B7274D100FF269F /* UIApplicationExtensions.swift */; };
		A8AFF3302B72777700FF269F /* SelectionSort.swift in Sources */ = {isa = PBXBuildFile; fileRef = A8AFF32F2B72777700FF269F /* SelectionSort.swift */; };
		A8AFF3342B72791E00FF269F /* InsertionSort.swift in Sources */ = {isa = PBXBuildFile; fileRef = A8AFF3332B72791E00FF269F /* InsertionSort.swift */; };
		A8C964AB2B7266B500161EBF /* ReaddleSortVisualizationApp.swift in Sources */ = {isa = PBXBuildFile; fileRef = A8C964AA2B7266B500161EBF /* ReaddleSortVisualizationApp.swift */; };
		A8C964AD2B7266B500161EBF /* ContentView.swift in Sources */ = {isa = PBXBuildFile; fileRef = A8C964AC2B7266B500161EBF /* ContentView.swift */; };
		A8C964AF2B7266BD00161EBF /* Assets.xcassets in Resources */ = {isa = PBXBuildFile; fileRef = A8C964AE2B7266BD00161EBF /* Assets.xcassets */; };
		A8C964B22B7266BD00161EBF /* Preview Assets.xcassets in Resources */ = {isa = PBXBuildFile; fileRef = A8C964B12B7266BD00161EBF /* Preview Assets.xcassets */; };
/* End PBXBuildFile section */

/* Begin PBXFileReference section */
		A8AFF3242B7267D600FF269F /* AlgorithmVisualizationView.swift */ = {isa = PBXFileReference; lastKnownFileType = sourcecode.swift; path = AlgorithmVisualizationView.swift; sourceTree = "<group>"; };
		A8AFF3262B7267E200FF269F /* AlgorithmVisualizationViewModel.swift */ = {isa = PBXFileReference; lastKnownFileType = sourcecode.swift; path = AlgorithmVisualizationViewModel.swift; sourceTree = "<group>"; };
		A8AFF3282B72687100FF269F /* SortingAlgorithm.swift */ = {isa = PBXFileReference; lastKnownFileType = sourcecode.swift; path = SortingAlgorithm.swift; sourceTree = "<group>"; };
		A8AFF32A2B72689800FF269F /* BubbleSort.swift */ = {isa = PBXFileReference; lastKnownFileType = sourcecode.swift; path = BubbleSort.swift; sourceTree = "<group>"; };
		A8AFF32D2B7274D100FF269F /* UIApplicationExtensions.swift */ = {isa = PBXFileReference; lastKnownFileType = sourcecode.swift; path = UIApplicationExtensions.swift; sourceTree = "<group>"; };
		A8AFF32F2B72777700FF269F /* SelectionSort.swift */ = {isa = PBXFileReference; lastKnownFileType = sourcecode.swift; path = SelectionSort.swift; sourceTree = "<group>"; };
		A8AFF3332B72791E00FF269F /* InsertionSort.swift */ = {isa = PBXFileReference; lastKnownFileType = sourcecode.swift; path = InsertionSort.swift; sourceTree = "<group>"; };
		A8C964A72B7266B500161EBF /* ReaddleSortVisualization.app */ = {isa = PBXFileReference; explicitFileType = wrapper.application; includeInIndex = 0; path = ReaddleSortVisualization.app; sourceTree = BUILT_PRODUCTS_DIR; };
		A8C964AA2B7266B500161EBF /* ReaddleSortVisualizationApp.swift */ = {isa = PBXFileReference; lastKnownFileType = sourcecode.swift; path = ReaddleSortVisualizationApp.swift; sourceTree = "<group>"; };
		A8C964AC2B7266B500161EBF /* ContentView.swift */ = {isa = PBXFileReference; lastKnownFileType = sourcecode.swift; path = ContentView.swift; sourceTree = "<group>"; };
		A8C964AE2B7266BD00161EBF /* Assets.xcassets */ = {isa = PBXFileReference; lastKnownFileType = folder.assetcatalog; path = Assets.xcassets; sourceTree = "<group>"; };
		A8C964B12B7266BD00161EBF /* Preview Assets.xcassets */ = {isa = PBXFileReference; lastKnownFileType = folder.assetcatalog; path = "Preview Assets.xcassets"; sourceTree = "<group>"; };
/* End PBXFileReference section */

/* Begin PBXFrameworksBuildPhase section */
		A8C964A42B7266B500161EBF /* Frameworks */ = {
			isa = PBXFrameworksBuildPhase;
			buildActionMask = 2147483647;
			files = (
			);
			runOnlyForDeploymentPostprocessing = 0;
		};
/* End PBXFrameworksBuildPhase section */

/* Begin PBXGroup section */
		A8AFF3222B7267A800FF269F /* Features */ = {
			isa = PBXGroup;
			children = (
				A8C964BA2B7266EA00161EBF /* AlgorithmVisualization */,
			);
			path = Features;
			sourceTree = "<group>";
		};
		A8AFF3232B7267B400FF269F /* Algorithms */ = {
			isa = PBXGroup;
			children = (
				A8AFF3352B72798500FF269F /* Base */,
				A8AFF32A2B72689800FF269F /* BubbleSort.swift */,
				A8AFF32F2B72777700FF269F /* SelectionSort.swift */,
				A8AFF3332B72791E00FF269F /* InsertionSort.swift */,
			);
			path = Algorithms;
			sourceTree = "<group>";
		};
		A8AFF32C2B7274BA00FF269F /* Utils */ = {
			isa = PBXGroup;
			children = (
				A8AFF32D2B7274D100FF269F /* UIApplicationExtensions.swift */,
			);
			path = Utils;
			sourceTree = "<group>";
		};
		A8AFF3352B72798500FF269F /* Base */ = {
			isa = PBXGroup;
			children = (
				A8AFF3282B72687100FF269F /* SortingAlgorithm.swift */,
			);
			path = Base;
			sourceTree = "<group>";
		};
		A8C9649E2B7266B500161EBF = {
			isa = PBXGroup;
			children = (
				A8C964A92B7266B500161EBF /* ReaddleSortVisualization */,
				A8C964A82B7266B500161EBF /* Products */,
			);
			sourceTree = "<group>";
		};
		A8C964A82B7266B500161EBF /* Products */ = {
			isa = PBXGroup;
			children = (
				A8C964A72B7266B500161EBF /* ReaddleSortVisualization.app */,
			);
			name = Products;
			sourceTree = "<group>";
		};
		A8C964A92B7266B500161EBF /* ReaddleSortVisualization */ = {
			isa = PBXGroup;
			children = (
				A8AFF3222B7267A800FF269F /* Features */,
				A8C964B82B7266D600161EBF /* Model */,
				A8C964AA2B7266B500161EBF /* ReaddleSortVisualizationApp.swift */,
				A8AFF32C2B7274BA00FF269F /* Utils */,
				A8C964AC2B7266B500161EBF /* ContentView.swift */,
				A8C964AE2B7266BD00161EBF /* Assets.xcassets */,
				A8C964B02B7266BD00161EBF /* Preview Content */,
			);
			path = ReaddleSortVisualization;
			sourceTree = "<group>";
		};
		A8C964B02B7266BD00161EBF /* Preview Content */ = {
			isa = PBXGroup;
			children = (
				A8C964B12B7266BD00161EBF /* Preview Assets.xcassets */,
			);
			path = "Preview Content";
			sourceTree = "<group>";
		};
		A8C964B82B7266D600161EBF /* Model */ = {
			isa = PBXGroup;
			children = (
				A8AFF3232B7267B400FF269F /* Algorithms */,
			);
			path = Model;
			sourceTree = "<group>";
		};
		A8C964BA2B7266EA00161EBF /* AlgorithmVisualization */ = {
			isa = PBXGroup;
			children = (
				A8AFF3242B7267D600FF269F /* AlgorithmVisualizationView.swift */,
				A8AFF3262B7267E200FF269F /* AlgorithmVisualizationViewModel.swift */,
			);
			path = AlgorithmVisualization;
			sourceTree = "<group>";
		};
/* End PBXGroup section */

/* Begin PBXNativeTarget section */
		A8C964A62B7266B500161EBF /* ReaddleSortVisualization */ = {
			isa = PBXNativeTarget;
			buildConfigurationList = A8C964B52B7266BD00161EBF /* Build configuration list for PBXNativeTarget "ReaddleSortVisualization" */;
			buildPhases = (
				A8C964A32B7266B500161EBF /* Sources */,
				A8C964A42B7266B500161EBF /* Frameworks */,
				A8C964A52B7266B500161EBF /* Resources */,
			);
			buildRules = (
			);
			dependencies = (
			);
			name = ReaddleSortVisualization;
			productName = ReaddleSortVisualization;
			productReference = A8C964A72B7266B500161EBF /* ReaddleSortVisualization.app */;
			productType = "com.apple.product-type.application";
		};
/* End PBXNativeTarget section */

/* Begin PBXProject section */
		A8C9649F2B7266B500161EBF /* Project object */ = {
			isa = PBXProject;
			attributes = {
				BuildIndependentTargetsInParallel = 1;
				LastSwiftUpdateCheck = 1500;
				LastUpgradeCheck = 1500;
				TargetAttributes = {
					A8C964A62B7266B500161EBF = {
						CreatedOnToolsVersion = 15.0.1;
					};
				};
			};
			buildConfigurationList = A8C964A22B7266B500161EBF /* Build configuration list for PBXProject "ReaddleSortVisualization" */;
			compatibilityVersion = "Xcode 14.0";
			developmentRegion = en;
			hasScannedForEncodings = 0;
			knownRegions = (
				en,
				Base,
			);
			mainGroup = A8C9649E2B7266B500161EBF;
			productRefGroup = A8C964A82B7266B500161EBF /* Products */;
			projectDirPath = "";
			projectRoot = "";
			targets = (
				A8C964A62B7266B500161EBF /* ReaddleSortVisualization */,
			);
		};
/* End PBXProject section */

/* Begin PBXResourcesBuildPhase section */
		A8C964A52B7266B500161EBF /* Resources */ = {
			isa = PBXResourcesBuildPhase;
			buildActionMask = 2147483647;
			files = (
				A8C964B22B7266BD00161EBF /* Preview Assets.xcassets in Resources */,
				A8C964AF2B7266BD00161EBF /* Assets.xcassets in Resources */,
			);
			runOnlyForDeploymentPostprocessing = 0;
		};
/* End PBXResourcesBuildPhase section */

/* Begin PBXSourcesBuildPhase section */
		A8C964A32B7266B500161EBF /* Sources */ = {
			isa = PBXSourcesBuildPhase;
			buildActionMask = 2147483647;
			files = (
				A8AFF3342B72791E00FF269F /* InsertionSort.swift in Sources */,
				A8C964AD2B7266B500161EBF /* ContentView.swift in Sources */,
				A8AFF3292B72687100FF269F /* SortingAlgorithm.swift in Sources */,
				A8AFF32E2B7274D100FF269F /* UIApplicationExtensions.swift in Sources */,
				A8AFF3272B7267E200FF269F /* AlgorithmVisualizationViewModel.swift in Sources */,
				A8AFF3302B72777700FF269F /* SelectionSort.swift in Sources */,
				A8C964AB2B7266B500161EBF /* ReaddleSortVisualizationApp.swift in Sources */,
				A8AFF3252B7267D600FF269F /* AlgorithmVisualizationView.swift in Sources */,
				A8AFF32B2B72689800FF269F /* BubbleSort.swift in Sources */,
			);
			runOnlyForDeploymentPostprocessing = 0;
		};
/* End PBXSourcesBuildPhase section */

/* Begin XCBuildConfiguration section */
		A8C964B32B7266BD00161EBF /* Debug */ = {
			isa = XCBuildConfiguration;
			buildSettings = {
				ALWAYS_SEARCH_USER_PATHS = NO;
				ASSETCATALOG_COMPILER_GENERATE_SWIFT_ASSET_SYMBOL_EXTENSIONS = YES;
				CLANG_ANALYZER_NONNULL = YES;
				CLANG_ANALYZER_NUMBER_OBJECT_CONVERSION = YES_AGGRESSIVE;
				CLANG_CXX_LANGUAGE_STANDARD = "gnu++20";
				CLANG_ENABLE_MODULES = YES;
				CLANG_ENABLE_OBJC_ARC = YES;
				CLANG_ENABLE_OBJC_WEAK = YES;
				CLANG_WARN_BLOCK_CAPTURE_AUTORELEASING = YES;
				CLANG_WARN_BOOL_CONVERSION = YES;
				CLANG_WARN_COMMA = YES;
				CLANG_WARN_CONSTANT_CONVERSION = YES;
				CLANG_WARN_DEPRECATED_OBJC_IMPLEMENTATIONS = YES;
				CLANG_WARN_DIRECT_OBJC_ISA_USAGE = YES_ERROR;
				CLANG_WARN_DOCUMENTATION_COMMENTS = YES;
				CLANG_WARN_EMPTY_BODY = YES;
				CLANG_WARN_ENUM_CONVERSION = YES;
				CLANG_WARN_INFINITE_RECURSION = YES;
				CLANG_WARN_INT_CONVERSION = YES;
				CLANG_WARN_NON_LITERAL_NULL_CONVERSION = YES;
				CLANG_WARN_OBJC_IMPLICIT_RETAIN_SELF = YES;
				CLANG_WARN_OBJC_LITERAL_CONVERSION = YES;
				CLANG_WARN_OBJC_ROOT_CLASS = YES_ERROR;
				CLANG_WARN_QUOTED_INCLUDE_IN_FRAMEWORK_HEADER = YES;
				CLANG_WARN_RANGE_LOOP_ANALYSIS = YES;
				CLANG_WARN_STRICT_PROTOTYPES = YES;
				CLANG_WARN_SUSPICIOUS_MOVE = YES;
				CLANG_WARN_UNGUARDED_AVAILABILITY = YES_AGGRESSIVE;
				CLANG_WARN_UNREACHABLE_CODE = YES;
				CLANG_WARN__DUPLICATE_METHOD_MATCH = YES;
				COPY_PHASE_STRIP = NO;
				DEBUG_INFORMATION_FORMAT = dwarf;
				ENABLE_STRICT_OBJC_MSGSEND = YES;
				ENABLE_TESTABILITY = YES;
				ENABLE_USER_SCRIPT_SANDBOXING = YES;
				GCC_C_LANGUAGE_STANDARD = gnu17;
				GCC_DYNAMIC_NO_PIC = NO;
				GCC_NO_COMMON_BLOCKS = YES;
				GCC_OPTIMIZATION_LEVEL = 0;
				GCC_PREPROCESSOR_DEFINITIONS = (
					"DEBUG=1",
					"$(inherited)",
				);
				GCC_WARN_64_TO_32_BIT_CONVERSION = YES;
				GCC_WARN_ABOUT_RETURN_TYPE = YES_ERROR;
				GCC_WARN_UNDECLARED_SELECTOR = YES;
				GCC_WARN_UNINITIALIZED_AUTOS = YES_AGGRESSIVE;
				GCC_WARN_UNUSED_FUNCTION = YES;
				GCC_WARN_UNUSED_VARIABLE = YES;
				IPHONEOS_DEPLOYMENT_TARGET = 17.0;
				LOCALIZATION_PREFERS_STRING_CATALOGS = YES;
				MTL_ENABLE_DEBUG_INFO = INCLUDE_SOURCE;
				MTL_FAST_MATH = YES;
				ONLY_ACTIVE_ARCH = YES;
				SDKROOT = iphoneos;
				SWIFT_ACTIVE_COMPILATION_CONDITIONS = "DEBUG $(inherited)";
				SWIFT_OPTIMIZATION_LEVEL = "-Onone";
			};
			name = Debug;
		};
		A8C964B42B7266BD00161EBF /* Release */ = {
			isa = XCBuildConfiguration;
			buildSettings = {
				ALWAYS_SEARCH_USER_PATHS = NO;
				ASSETCATALOG_COMPILER_GENERATE_SWIFT_ASSET_SYMBOL_EXTENSIONS = YES;
				CLANG_ANALYZER_NONNULL = YES;
				CLANG_ANALYZER_NUMBER_OBJECT_CONVERSION = YES_AGGRESSIVE;
				CLANG_CXX_LANGUAGE_STANDARD = "gnu++20";
				CLANG_ENABLE_MODULES = YES;
				CLANG_ENABLE_OBJC_ARC = YES;
				CLANG_ENABLE_OBJC_WEAK = YES;
				CLANG_WARN_BLOCK_CAPTURE_AUTORELEASING = YES;
				CLANG_WARN_BOOL_CONVERSION = YES;
				CLANG_WARN_COMMA = YES;
				CLANG_WARN_CONSTANT_CONVERSION = YES;
				CLANG_WARN_DEPRECATED_OBJC_IMPLEMENTATIONS = YES;
				CLANG_WARN_DIRECT_OBJC_ISA_USAGE = YES_ERROR;
				CLANG_WARN_DOCUMENTATION_COMMENTS = YES;
				CLANG_WARN_EMPTY_BODY = YES;
				CLANG_WARN_ENUM_CONVERSION = YES;
				CLANG_WARN_INFINITE_RECURSION = YES;
				CLANG_WARN_INT_CONVERSION = YES;
				CLANG_WARN_NON_LITERAL_NULL_CONVERSION = YES;
				CLANG_WARN_OBJC_IMPLICIT_RETAIN_SELF = YES;
				CLANG_WARN_OBJC_LITERAL_CONVERSION = YES;
				CLANG_WARN_OBJC_ROOT_CLASS = YES_ERROR;
				CLANG_WARN_QUOTED_INCLUDE_IN_FRAMEWORK_HEADER = YES;
				CLANG_WARN_RANGE_LOOP_ANALYSIS = YES;
				CLANG_WARN_STRICT_PROTOTYPES = YES;
				CLANG_WARN_SUSPICIOUS_MOVE = YES;
				CLANG_WARN_UNGUARDED_AVAILABILITY = YES_AGGRESSIVE;
				CLANG_WARN_UNREACHABLE_CODE = YES;
				CLANG_WARN__DUPLICATE_METHOD_MATCH = YES;
				COPY_PHASE_STRIP = NO;
				DEBUG_INFORMATION_FORMAT = "dwarf-with-dsym";
				ENABLE_NS_ASSERTIONS = NO;
				ENABLE_STRICT_OBJC_MSGSEND = YES;
				ENABLE_USER_SCRIPT_SANDBOXING = YES;
				GCC_C_LANGUAGE_STANDARD = gnu17;
				GCC_NO_COMMON_BLOCKS = YES;
				GCC_WARN_64_TO_32_BIT_CONVERSION = YES;
				GCC_WARN_ABOUT_RETURN_TYPE = YES_ERROR;
				GCC_WARN_UNDECLARED_SELECTOR = YES;
				GCC_WARN_UNINITIALIZED_AUTOS = YES_AGGRESSIVE;
				GCC_WARN_UNUSED_FUNCTION = YES;
				GCC_WARN_UNUSED_VARIABLE = YES;
				IPHONEOS_DEPLOYMENT_TARGET = 17.0;
				LOCALIZATION_PREFERS_STRING_CATALOGS = YES;
				MTL_ENABLE_DEBUG_INFO = NO;
				MTL_FAST_MATH = YES;
				SDKROOT = iphoneos;
				SWIFT_COMPILATION_MODE = wholemodule;
				VALIDATE_PRODUCT = YES;
			};
			name = Release;
		};
		A8C964B62B7266BD00161EBF /* Debug */ = {
			isa = XCBuildConfiguration;
			buildSettings = {
				ASSETCATALOG_COMPILER_APPICON_NAME = AppIcon;
				ASSETCATALOG_COMPILER_GLOBAL_ACCENT_COLOR_NAME = AccentColor;
				CODE_SIGN_STYLE = Automatic;
				CURRENT_PROJECT_VERSION = 1;
				DEVELOPMENT_ASSET_PATHS = "\"ReaddleSortVisualization/Preview Content\"";
				DEVELOPMENT_TEAM = SH4EQNN223;
				ENABLE_PREVIEWS = YES;
				GENERATE_INFOPLIST_FILE = YES;
				INFOPLIST_KEY_UIApplicationSceneManifest_Generation = YES;
				INFOPLIST_KEY_UIApplicationSupportsIndirectInputEvents = YES;
				INFOPLIST_KEY_UILaunchScreen_Generation = YES;
				INFOPLIST_KEY_UISupportedInterfaceOrientations_iPad = "UIInterfaceOrientationPortrait UIInterfaceOrientationPortraitUpsideDown UIInterfaceOrientationLandscapeLeft UIInterfaceOrientationLandscapeRight";
				INFOPLIST_KEY_UISupportedInterfaceOrientations_iPhone = "UIInterfaceOrientationPortrait UIInterfaceOrientationLandscapeLeft UIInterfaceOrientationLandscapeRight";
				LD_RUNPATH_SEARCH_PATHS = (
					"$(inherited)",
					"@executable_path/Frameworks",
				);
				MARKETING_VERSION = 1.0;
				PRODUCT_BUNDLE_IDENTIFIER = yb.ReaddleSortVisualization;
				PRODUCT_NAME = "$(TARGET_NAME)";
				SWIFT_EMIT_LOC_STRINGS = YES;
				SWIFT_VERSION = 5.0;
				TARGETED_DEVICE_FAMILY = "1,2";
			};
			name = Debug;
		};
		A8C964B72B7266BD00161EBF /* Release */ = {
			isa = XCBuildConfiguration;
			buildSettings = {
				ASSETCATALOG_COMPILER_APPICON_NAME = AppIcon;
				ASSETCATALOG_COMPILER_GLOBAL_ACCENT_COLOR_NAME = AccentColor;
				CODE_SIGN_STYLE = Automatic;
				CURRENT_PROJECT_VERSION = 1;
				DEVELOPMENT_ASSET_PATHS = "\"ReaddleSortVisualization/Preview Content\"";
				DEVELOPMENT_TEAM = SH4EQNN223;
				ENABLE_PREVIEWS = YES;
				GENERATE_INFOPLIST_FILE = YES;
				INFOPLIST_KEY_UIApplicationSceneManifest_Generation = YES;
				INFOPLIST_KEY_UIApplicationSupportsIndirectInputEvents = YES;
				INFOPLIST_KEY_UILaunchScreen_Generation = YES;
				INFOPLIST_KEY_UISupportedInterfaceOrientations_iPad = "UIInterfaceOrientationPortrait UIInterfaceOrientationPortraitUpsideDown UIInterfaceOrientationLandscapeLeft UIInterfaceOrientationLandscapeRight";
				INFOPLIST_KEY_UISupportedInterfaceOrientations_iPhone = "UIInterfaceOrientationPortrait UIInterfaceOrientationLandscapeLeft UIInterfaceOrientationLandscapeRight";
				LD_RUNPATH_SEARCH_PATHS = (
					"$(inherited)",
					"@executable_path/Frameworks",
				);
				MARKETING_VERSION = 1.0;
				PRODUCT_BUNDLE_IDENTIFIER = yb.ReaddleSortVisualization;
				PRODUCT_NAME = "$(TARGET_NAME)";
				SWIFT_EMIT_LOC_STRINGS = YES;
				SWIFT_VERSION = 5.0;
				TARGETED_DEVICE_FAMILY = "1,2";
			};
			name = Release;
		};
/* End XCBuildConfiguration section */

/* Begin XCConfigurationList section */
		A8C964A22B7266B500161EBF /* Build configuration list for PBXProject "ReaddleSortVisualization" */ = {
			isa = XCConfigurationList;
			buildConfigurations = (
				A8C964B32B7266BD00161EBF /* Debug */,
				A8C964B42B7266BD00161EBF /* Release */,
			);
			defaultConfigurationIsVisible = 0;
			defaultConfigurationName = Release;
		};
		A8C964B52B7266BD00161EBF /* Build configuration list for PBXNativeTarget "ReaddleSortVisualization" */ = {
			isa = XCConfigurationList;
			buildConfigurations = (
				A8C964B62B7266BD00161EBF /* Debug */,
				A8C964B72B7266BD00161EBF /* Release */,
			);
			defaultConfigurationIsVisible = 0;
			defaultConfigurationName = Release;
		};
/* End XCConfigurationList section */
	};
	rootObject = A8C9649F2B7266B500161EBF /* Project object */;
}
